
Microsoft Visual Studio Solution File, Format Version 12.00
# Visual Studio Version 16
VisualStudioVersion = 16.0.30114.105
MinimumVisualStudioVersion = 10.0.40219.1
Project("{2150E333-8FDC-42A3-9474-1A3956D46DE8}") = "src", "src", "{C5E8B890-CE25-4919-8A72-B62BC5D3448B}"
EndProject
Project("{2150E333-8FDC-42A3-9474-1A3956D46DE8}") = "services", "services", "{F9D024C6-BE38-48C4-AC52-7C4165106DD2}"
EndProject
Project("{2150E333-8FDC-42A3-9474-1A3956D46DE8}") = "Studies", "Studies", "{B7A41758-7B1C-4F49-9C79-D63D8DCFE5B7}"
EndProject
Project("{FAE04EC0-301F-11D3-BF4B-00C04F79EFBC}") = "FlgStudies.Microservice", "src\services\Studies\FlgStudies.Microservice\FlgStudies.Microservice.csproj", "{875B6AF0-8D1C-45D2-AAE4-953644C682A0}"
EndProject
Project("{FAE04EC0-301F-11D3-BF4B-00C04F79EFBC}") = "EmiasFlg.Gateway", "src\gateways\EmiasFlg.Gateway\EmiasFlg.Gateway.csproj", "{0D62C96E-2EE1-41D5-BCCA-6AB0C6D7D3D9}"
EndProject
Project("{2150E333-8FDC-42A3-9474-1A3956D46DE8}") = "gateways", "gateways", "{3116482D-336B-43FF-B306-BC0D8A5E9041}"
EndProject
Project("{2150E333-8FDC-42A3-9474-1A3956D46DE8}") = "Validations", "Validations", "{3BA766A1-45B6-4F1F-8E4C-B0B022D63E62}"
EndProject
Project("{2150E333-8FDC-42A3-9474-1A3956D46DE8}") = "Series", "Series", "{4A0653DC-5BE9-47E0-8683-07A885566288}"
EndProject
Project("{2150E333-8FDC-42A3-9474-1A3956D46DE8}") = "SR", "SR", "{F5A87C18-B007-45FC-B8CF-F3229B04500C}"
EndProject
Project("{2150E333-8FDC-42A3-9474-1A3956D46DE8}") = "SC", "SC", "{77AFF91F-E951-4B43-9A89-043CDD035CC0}"
EndProject
Project("{FAE04EC0-301F-11D3-BF4B-00C04F79EFBC}") = "FlgValidations.Microservice", "src\services\Validations\FlgValidations.Microservice\FlgValidations.Microservice.csproj", "{176C5C42-2D4B-45E5-8F3E-B3515CAF6548}"
EndProject
Project("{FAE04EC0-301F-11D3-BF4B-00C04F79EFBC}") = "FlgSR.Microservice", "src\services\SR\FlgSR.Microservice\FlgSR.Microservice.csproj", "{7D2EE261-990D-454F-8A3A-CF8583F28AB1}"
EndProject
Project("{FAE04EC0-301F-11D3-BF4B-00C04F79EFBC}") = "FlgSC.Microservice", "src\services\SC\FlgSC.Microservice\FlgSC.Microservice.csproj", "{CB280D5B-4E60-46F3-B2F7-0FB0371CE61B}"
EndProject
Project("{FAE04EC0-301F-11D3-BF4B-00C04F79EFBC}") = "FlgSeries.Microservice", "src\services\Series\FlgSeries.Microservice\FlgSeries.Microservice.csproj", "{C17A5FD7-C5F9-4AE0-A66A-151D42CA4B9B}"
EndProject
Project("{2150E333-8FDC-42A3-9474-1A3956D46DE8}") = "_shared", "_shared", "{EB6E1F0F-41BF-4870-A62D-7913C51E42F1}"
EndProject
Project("{FAE04EC0-301F-11D3-BF4B-00C04F79EFBC}") = "Example.EventBus.Abstractions", "src\_shared\Example.EventBus.Abstractions\Example.EventBus.Abstractions.csproj", "{E29F44E0-A005-477E-A0A7-201709A5D4D5}"
EndProject
Project("{FAE04EC0-301F-11D3-BF4B-00C04F79EFBC}") = "Example.EventBus.Kafka", "src\_shared\Example.EventBus.Kafka\Example.EventBus.Kafka.csproj", "{ABBAB141-25F7-4CF8-8FA0-BA013F53F349}"
EndProject
Project("{FAE04EC0-301F-11D3-BF4B-00C04F79EFBC}") = "Example.Logging.Serilog", "src\_shared\Example.Logging.Serilog\Example.Logging.Serilog.csproj", "{616BCCE3-CAE2-48A6-9D09-1440B182E2E4}"
EndProject
Project("{FAE04EC0-301F-11D3-BF4B-00C04F79EFBC}") = "Example.Mapper", "src\_shared\Example.Mapper\Example.Mapper.csproj", "{60611D9E-4BBB-4A5A-A836-1C2822013304}"
EndProject
Project("{FAE04EC0-301F-11D3-BF4B-00C04F79EFBC}") = "Example.EfCore", "src\_shared\Example.EfCore\Example.EfCore.csproj", "{1E6E3513-ECC0-4CD5-BD15-654AF78F5D41}"
EndProject
Project("{FAE04EC0-301F-11D3-BF4B-00C04F79EFBC}") = "Example.DDD", "src\_shared\Example.DDD\Example.DDD.csproj", "{525BE471-4D05-4675-9C52-C31618DEFAE8}"
EndProject
Project("{FAE04EC0-301F-11D3-BF4B-00C04F79EFBC}") = "Example.Cqrs", "src\_shared\Example.Cqrs\Example.Cqrs.csproj", "{977E5175-9870-48C2-A40C-EFD314E44BD0}"
EndProject
Project("{2150E333-8FDC-42A3-9474-1A3956D46DE8}") = "Solution Items", "Solution Items", "{EBD8C9A8-E362-4B40-84E4-193C947B6EC2}"
	ProjectSection(SolutionItems) = preProject
		.dockerignore = .dockerignore
		.gitignore = .gitignore
		docker-compose.yaml = docker-compose.yaml
	EndProjectSection
EndProject
Project("{FAE04EC0-301F-11D3-BF4B-00C04F79EFBC}") = "Example.IntegrationEvents", "src\_shared\Example.IntegrationEvents\Example.IntegrationEvents.csproj", "{FDB26875-20FC-4466-9218-1FF77F8E6807}"
EndProject
Project("{FAE04EC0-301F-11D3-BF4B-00C04F79EFBC}") = "Example.Common", "src\_shared\Example.Common\Example.Common.csproj", "{808728BA-5C4B-44DF-94DC-A1D7DF9BBC92}"
EndProject
Project("{2150E333-8FDC-42A3-9474-1A3956D46DE8}") = "Ml", "Ml", "{E893D288-2CBC-435D-B3C1-C56C68427EE0}"
EndProject
Project("{FAE04EC0-301F-11D3-BF4B-00C04F79EFBC}") = "FlgMl.Microservice", "src\services\Ml\FlgMl.Microservice\FlgMl.Microservice.csproj", "{8BC57DAF-1EC6-4BA2-83D8-50F7E9139A46}"
EndProject
Global
	GlobalSection(SolutionConfigurationPlatforms) = preSolution
		Debug|Any CPU = Debug|Any CPU
		Release|Any CPU = Release|Any CPU
	EndGlobalSection
	GlobalSection(SolutionProperties) = preSolution
		HideSolutionNode = FALSE
	EndGlobalSection
	GlobalSection(ProjectConfigurationPlatforms) = postSolution
		{875B6AF0-8D1C-45D2-AAE4-953644C682A0}.Debug|Any CPU.ActiveCfg = Debug|Any CPU
		{875B6AF0-8D1C-45D2-AAE4-953644C682A0}.Debug|Any CPU.Build.0 = Debug|Any CPU
		{875B6AF0-8D1C-45D2-AAE4-953644C682A0}.Release|Any CPU.ActiveCfg = Release|Any CPU
		{875B6AF0-8D1C-45D2-AAE4-953644C682A0}.Release|Any CPU.Build.0 = Release|Any CPU
		{0D62C96E-2EE1-41D5-BCCA-6AB0C6D7D3D9}.Debug|Any CPU.ActiveCfg = Debug|Any CPU
		{0D62C96E-2EE1-41D5-BCCA-6AB0C6D7D3D9}.Debug|Any CPU.Build.0 = Debug|Any CPU
		{0D62C96E-2EE1-41D5-BCCA-6AB0C6D7D3D9}.Release|Any CPU.ActiveCfg = Release|Any CPU
		{0D62C96E-2EE1-41D5-BCCA-6AB0C6D7D3D9}.Release|Any CPU.Build.0 = Release|Any CPU
		{176C5C42-2D4B-45E5-8F3E-B3515CAF6548}.Debug|Any CPU.ActiveCfg = Debug|Any CPU
		{176C5C42-2D4B-45E5-8F3E-B3515CAF6548}.Debug|Any CPU.Build.0 = Debug|Any CPU
		{176C5C42-2D4B-45E5-8F3E-B3515CAF6548}.Release|Any CPU.ActiveCfg = Release|Any CPU
		{176C5C42-2D4B-45E5-8F3E-B3515CAF6548}.Release|Any CPU.Build.0 = Release|Any CPU
		{7D2EE261-990D-454F-8A3A-CF8583F28AB1}.Debug|Any CPU.ActiveCfg = Debug|Any CPU
		{7D2EE261-990D-454F-8A3A-CF8583F28AB1}.Debug|Any CPU.Build.0 = Debug|Any CPU
		{7D2EE261-990D-454F-8A3A-CF8583F28AB1}.Release|Any CPU.ActiveCfg = Release|Any CPU
		{7D2EE261-990D-454F-8A3A-CF8583F28AB1}.Release|Any CPU.Build.0 = Release|Any CPU
		{CB280D5B-4E60-46F3-B2F7-0FB0371CE61B}.Debug|Any CPU.ActiveCfg = Debug|Any CPU
		{CB280D5B-4E60-46F3-B2F7-0FB0371CE61B}.Debug|Any CPU.Build.0 = Debug|Any CPU
		{CB280D5B-4E60-46F3-B2F7-0FB0371CE61B}.Release|Any CPU.ActiveCfg = Release|Any CPU
		{CB280D5B-4E60-46F3-B2F7-0FB0371CE61B}.Release|Any CPU.Build.0 = Release|Any CPU
		{C17A5FD7-C5F9-4AE0-A66A-151D42CA4B9B}.Debug|Any CPU.ActiveCfg = Debug|Any CPU
		{C17A5FD7-C5F9-4AE0-A66A-151D42CA4B9B}.Debug|Any CPU.Build.0 = Debug|Any CPU
		{C17A5FD7-C5F9-4AE0-A66A-151D42CA4B9B}.Release|Any CPU.ActiveCfg = Release|Any CPU
		{C17A5FD7-C5F9-4AE0-A66A-151D42CA4B9B}.Release|Any CPU.Build.0 = Release|Any CPU
		{E29F44E0-A005-477E-A0A7-201709A5D4D5}.Debug|Any CPU.ActiveCfg = Debug|Any CPU
		{E29F44E0-A005-477E-A0A7-201709A5D4D5}.Debug|Any CPU.Build.0 = Debug|Any CPU
		{E29F44E0-A005-477E-A0A7-201709A5D4D5}.Release|Any CPU.ActiveCfg = Release|Any CPU
		{E29F44E0-A005-477E-A0A7-201709A5D4D5}.Release|Any CPU.Build.0 = Release|Any CPU
		{ABBAB141-25F7-4CF8-8FA0-BA013F53F349}.Debug|Any CPU.ActiveCfg = Debug|Any CPU
		{ABBAB141-25F7-4CF8-8FA0-BA013F53F349}.Debug|Any CPU.Build.0 = Debug|Any CPU
		{ABBAB141-25F7-4CF8-8FA0-BA013F53F349}.Release|Any CPU.ActiveCfg = Release|Any CPU
		{ABBAB141-25F7-4CF8-8FA0-BA013F53F349}.Release|Any CPU.Build.0 = Release|Any CPU
		{616BCCE3-CAE2-48A6-9D09-1440B182E2E4}.Debug|Any CPU.ActiveCfg = Debug|Any CPU
		{616BCCE3-CAE2-48A6-9D09-1440B182E2E4}.Debug|Any CPU.Build.0 = Debug|Any CPU
		{616BCCE3-CAE2-48A6-9D09-1440B182E2E4}.Release|Any CPU.ActiveCfg = Release|Any CPU
		{616BCCE3-CAE2-48A6-9D09-1440B182E2E4}.Release|Any CPU.Build.0 = Release|Any CPU
		{60611D9E-4BBB-4A5A-A836-1C2822013304}.Debug|Any CPU.ActiveCfg = Debug|Any CPU
		{60611D9E-4BBB-4A5A-A836-1C2822013304}.Debug|Any CPU.Build.0 = Debug|Any CPU
		{60611D9E-4BBB-4A5A-A836-1C2822013304}.Release|Any CPU.ActiveCfg = Release|Any CPU
		{60611D9E-4BBB-4A5A-A836-1C2822013304}.Release|Any CPU.Build.0 = Release|Any CPU
		{1E6E3513-ECC0-4CD5-BD15-654AF78F5D41}.Debug|Any CPU.ActiveCfg = Debug|Any CPU
		{1E6E3513-ECC0-4CD5-BD15-654AF78F5D41}.Debug|Any CPU.Build.0 = Debug|Any CPU
		{1E6E3513-ECC0-4CD5-BD15-654AF78F5D41}.Release|Any CPU.ActiveCfg = Release|Any CPU
		{1E6E3513-ECC0-4CD5-BD15-654AF78F5D41}.Release|Any CPU.Build.0 = Release|Any CPU
		{525BE471-4D05-4675-9C52-C31618DEFAE8}.Debug|Any CPU.ActiveCfg = Debug|Any CPU
		{525BE471-4D05-4675-9C52-C31618DEFAE8}.Debug|Any CPU.Build.0 = Debug|Any CPU
		{525BE471-4D05-4675-9C52-C31618DEFAE8}.Release|Any CPU.ActiveCfg = Release|Any CPU
		{525BE471-4D05-4675-9C52-C31618DEFAE8}.Release|Any CPU.Build.0 = Release|Any CPU
		{977E5175-9870-48C2-A40C-EFD314E44BD0}.Debug|Any CPU.ActiveCfg = Debug|Any CPU
		{977E5175-9870-48C2-A40C-EFD314E44BD0}.Debug|Any CPU.Build.0 = Debug|Any CPU
		{977E5175-9870-48C2-A40C-EFD314E44BD0}.Release|Any CPU.ActiveCfg = Release|Any CPU
		{977E5175-9870-48C2-A40C-EFD314E44BD0}.Release|Any CPU.Build.0 = Release|Any CPU
		{FDB26875-20FC-4466-9218-1FF77F8E6807}.Debug|Any CPU.ActiveCfg = Debug|Any CPU
		{FDB26875-20FC-4466-9218-1FF77F8E6807}.Debug|Any CPU.Build.0 = Debug|Any CPU
		{FDB26875-20FC-4466-9218-1FF77F8E6807}.Release|Any CPU.ActiveCfg = Release|Any CPU
		{FDB26875-20FC-4466-9218-1FF77F8E6807}.Release|Any CPU.Build.0 = Release|Any CPU
		{808728BA-5C4B-44DF-94DC-A1D7DF9BBC92}.Debug|Any CPU.ActiveCfg = Debug|Any CPU
		{808728BA-5C4B-44DF-94DC-A1D7DF9BBC92}.Debug|Any CPU.Build.0 = Debug|Any CPU
		{808728BA-5C4B-44DF-94DC-A1D7DF9BBC92}.Release|Any CPU.ActiveCfg = Release|Any CPU
		{808728BA-5C4B-44DF-94DC-A1D7DF9BBC92}.Release|Any CPU.Build.0 = Release|Any CPU
		{8BC57DAF-1EC6-4BA2-83D8-50F7E9139A46}.Debug|Any CPU.ActiveCfg = Debug|Any CPU
		{8BC57DAF-1EC6-4BA2-83D8-50F7E9139A46}.Debug|Any CPU.Build.0 = Debug|Any CPU
		{8BC57DAF-1EC6-4BA2-83D8-50F7E9139A46}.Release|Any CPU.ActiveCfg = Release|Any CPU
		{8BC57DAF-1EC6-4BA2-83D8-50F7E9139A46}.Release|Any CPU.Build.0 = Release|Any CPU
	EndGlobalSection
	GlobalSection(NestedProjects) = preSolution
		{F9D024C6-BE38-48C4-AC52-7C4165106DD2} = {C5E8B890-CE25-4919-8A72-B62BC5D3448B}
		{B7A41758-7B1C-4F49-9C79-D63D8DCFE5B7} = {F9D024C6-BE38-48C4-AC52-7C4165106DD2}
		{875B6AF0-8D1C-45D2-AAE4-953644C682A0} = {B7A41758-7B1C-4F49-9C79-D63D8DCFE5B7}
		{3116482D-336B-43FF-B306-BC0D8A5E9041} = {C5E8B890-CE25-4919-8A72-B62BC5D3448B}
		{0D62C96E-2EE1-41D5-BCCA-6AB0C6D7D3D9} = {3116482D-336B-43FF-B306-BC0D8A5E9041}
		{3BA766A1-45B6-4F1F-8E4C-B0B022D63E62} = {F9D024C6-BE38-48C4-AC52-7C4165106DD2}
		{4A0653DC-5BE9-47E0-8683-07A885566288} = {F9D024C6-BE38-48C4-AC52-7C4165106DD2}
		{F5A87C18-B007-45FC-B8CF-F3229B04500C} = {F9D024C6-BE38-48C4-AC52-7C4165106DD2}
		{77AFF91F-E951-4B43-9A89-043CDD035CC0} = {F9D024C6-BE38-48C4-AC52-7C4165106DD2}
		{176C5C42-2D4B-45E5-8F3E-B3515CAF6548} = {3BA766A1-45B6-4F1F-8E4C-B0B022D63E62}
		{7D2EE261-990D-454F-8A3A-CF8583F28AB1} = {F5A87C18-B007-45FC-B8CF-F3229B04500C}
		{CB280D5B-4E60-46F3-B2F7-0FB0371CE61B} = {77AFF91F-E951-4B43-9A89-043CDD035CC0}
		{C17A5FD7-C5F9-4AE0-A66A-151D42CA4B9B} = {4A0653DC-5BE9-47E0-8683-07A885566288}
		{EB6E1F0F-41BF-4870-A62D-7913C51E42F1} = {C5E8B890-CE25-4919-8A72-B62BC5D3448B}
		{E29F44E0-A005-477E-A0A7-201709A5D4D5} = {EB6E1F0F-41BF-4870-A62D-7913C51E42F1}
		{ABBAB141-25F7-4CF8-8FA0-BA013F53F349} = {EB6E1F0F-41BF-4870-A62D-7913C51E42F1}
		{616BCCE3-CAE2-48A6-9D09-1440B182E2E4} = {EB6E1F0F-41BF-4870-A62D-7913C51E42F1}
		{60611D9E-4BBB-4A5A-A836-1C2822013304} = {EB6E1F0F-41BF-4870-A62D-7913C51E42F1}
		{1E6E3513-ECC0-4CD5-BD15-654AF78F5D41} = {EB6E1F0F-41BF-4870-A62D-7913C51E42F1}
		{525BE471-4D05-4675-9C52-C31618DEFAE8} = {EB6E1F0F-41BF-4870-A62D-7913C51E42F1}
		{977E5175-9870-48C2-A40C-EFD314E44BD0} = {EB6E1F0F-41BF-4870-A62D-7913C51E42F1}
		{FDB26875-20FC-4466-9218-1FF77F8E6807} = {EB6E1F0F-41BF-4870-A62D-7913C51E42F1}
		{808728BA-5C4B-44DF-94DC-A1D7DF9BBC92} = {EB6E1F0F-41BF-4870-A62D-7913C51E42F1}
		{E893D288-2CBC-435D-B3C1-C56C68427EE0} = {F9D024C6-BE38-48C4-AC52-7C4165106DD2}
		{8BC57DAF-1EC6-4BA2-83D8-50F7E9139A46} = {E893D288-2CBC-435D-B3C1-C56C68427EE0}
	EndGlobalSection
EndGlobal
